
Microsoft Visual Studio Solution File, Format Version 11.00
# Visual Studio 2010
# SharpDevelop 4.3
Project("{FAE04EC0-301F-11D3-BF4B-00C04F79EFBC}") = "NavUtilToolBar", "NavUtilToolBar.csproj", "{837BDF09-DB12-45B3-B32A-0F557BAD2856}"
EndProject
Global
	GlobalSection(SolutionConfigurationPlatforms) = preSolution
		Debug|Any CPU = Debug|Any CPU
		Release|Any CPU = Release|Any CPU
	EndGlobalSection
	GlobalSection(ProjectConfigurationPlatforms) = postSolution
		{837BDF09-DB12-45B3-B32A-0F557BAD2856}.Debug|Any CPU.Build.0 = Debug|Any CPU
		{837BDF09-DB12-45B3-B32A-0F557BAD2856}.Debug|Any CPU.ActiveCfg = Debug|Any CPU
		{837BDF09-DB12-45B3-B32A-0F557BAD2856}.Release|Any CPU.Build.0 = Release|Any CPU
		{837BDF09-DB12-45B3-B32A-0F557BAD2856}.Release|Any CPU.ActiveCfg = Release|Any CPU
	EndGlobalSection
EndGlobal
